// !$*UTF8*$!
{
	archiveVersion = 1;
	classes = {
	};
	objectVersion = 50;
	objects = {

/* Begin PBXBuildFile section */
		5BA787BE2256795400D14415 /* AppDelegate.swift in Sources */ = {isa = PBXBuildFile; fileRef = 5BA787BD2256795400D14415 /* AppDelegate.swift */; };
		5BA787C02256795400D14415 /* ViewController.swift in Sources */ = {isa = PBXBuildFile; fileRef = 5BA787BF2256795400D14415 /* ViewController.swift */; };
		5BA787C32256795400D14415 /* Main.storyboard in Resources */ = {isa = PBXBuildFile; fileRef = 5BA787C12256795400D14415 /* Main.storyboard */; };
		5BA787C62256795400D14415 /* EnergyTeamBasedApp.xcdatamodeld in Sources */ = {isa = PBXBuildFile; fileRef = 5BA787C42256795400D14415 /* EnergyTeamBasedApp.xcdatamodeld */; };
		5BA787C82256795500D14415 /* Assets.xcassets in Resources */ = {isa = PBXBuildFile; fileRef = 5BA787C72256795500D14415 /* Assets.xcassets */; };
		5BA787CB2256795500D14415 /* LaunchScreen.storyboard in Resources */ = {isa = PBXBuildFile; fileRef = 5BA787C92256795500D14415 /* LaunchScreen.storyboard */; };
		5BA787D62256795500D14415 /* EnergyTeamBasedAppTests.swift in Sources */ = {isa = PBXBuildFile; fileRef = 5BA787D52256795500D14415 /* EnergyTeamBasedAppTests.swift */; };
		5BA787E12256795500D14415 /* EnergyTeamBasedAppUITests.swift in Sources */ = {isa = PBXBuildFile; fileRef = 5BA787E02256795500D14415 /* EnergyTeamBasedAppUITests.swift */; };
		5BA787EF22567FC000D14415 /* Tip.swift in Sources */ = {isa = PBXBuildFile; fileRef = 5BA787EE22567FC000D14415 /* Tip.swift */; };
		5BA787F122567FC900D14415 /* Challenge.swift in Sources */ = {isa = PBXBuildFile; fileRef = 5BA787F022567FC900D14415 /* Challenge.swift */; };
		5BA787F42256820400D14415 /* EnergyType.swift in Sources */ = {isa = PBXBuildFile; fileRef = 5BA787F32256820400D14415 /* EnergyType.swift */; };
/* End PBXBuildFile section */

/* Begin PBXContainerItemProxy section */
		5BA787D22256795500D14415 /* PBXContainerItemProxy */ = {
			isa = PBXContainerItemProxy;
			containerPortal = 5BA787B22256795400D14415 /* Project object */;
			proxyType = 1;
			remoteGlobalIDString = 5BA787B92256795400D14415;
			remoteInfo = EnergyTeamBasedApp;
		};
		5BA787DD2256795500D14415 /* PBXContainerItemProxy */ = {
			isa = PBXContainerItemProxy;
			containerPortal = 5BA787B22256795400D14415 /* Project object */;
			proxyType = 1;
			remoteGlobalIDString = 5BA787B92256795400D14415;
			remoteInfo = EnergyTeamBasedApp;
		};
/* End PBXContainerItemProxy section */

/* Begin PBXFileReference section */
		5BA787BA2256795400D14415 /* EnergyTeamBasedApp.app */ = {isa = PBXFileReference; explicitFileType = wrapper.application; includeInIndex = 0; path = EnergyTeamBasedApp.app; sourceTree = BUILT_PRODUCTS_DIR; };
		5BA787BD2256795400D14415 /* AppDelegate.swift */ = {isa = PBXFileReference; lastKnownFileType = sourcecode.swift; path = AppDelegate.swift; sourceTree = "<group>"; };
		5BA787BF2256795400D14415 /* ViewController.swift */ = {isa = PBXFileReference; lastKnownFileType = sourcecode.swift; path = ViewController.swift; sourceTree = "<group>"; };
		5BA787C22256795400D14415 /* Base */ = {isa = PBXFileReference; lastKnownFileType = file.storyboard; name = Base; path = Base.lproj/Main.storyboard; sourceTree = "<group>"; };
		5BA787C52256795400D14415 /* EnergyTeamBasedApp.xcdatamodel */ = {isa = PBXFileReference; lastKnownFileType = wrapper.xcdatamodel; path = EnergyTeamBasedApp.xcdatamodel; sourceTree = "<group>"; };
		5BA787C72256795500D14415 /* Assets.xcassets */ = {isa = PBXFileReference; lastKnownFileType = folder.assetcatalog; path = Assets.xcassets; sourceTree = "<group>"; };
		5BA787CA2256795500D14415 /* Base */ = {isa = PBXFileReference; lastKnownFileType = file.storyboard; name = Base; path = Base.lproj/LaunchScreen.storyboard; sourceTree = "<group>"; };
		5BA787CC2256795500D14415 /* Info.plist */ = {isa = PBXFileReference; lastKnownFileType = text.plist.xml; path = Info.plist; sourceTree = "<group>"; };
		5BA787D12256795500D14415 /* EnergyTeamBasedAppTests.xctest */ = {isa = PBXFileReference; explicitFileType = wrapper.cfbundle; includeInIndex = 0; path = EnergyTeamBasedAppTests.xctest; sourceTree = BUILT_PRODUCTS_DIR; };
		5BA787D52256795500D14415 /* EnergyTeamBasedAppTests.swift */ = {isa = PBXFileReference; lastKnownFileType = sourcecode.swift; path = EnergyTeamBasedAppTests.swift; sourceTree = "<group>"; };
		5BA787D72256795500D14415 /* Info.plist */ = {isa = PBXFileReference; lastKnownFileType = text.plist.xml; path = Info.plist; sourceTree = "<group>"; };
		5BA787DC2256795500D14415 /* EnergyTeamBasedAppUITests.xctest */ = {isa = PBXFileReference; explicitFileType = wrapper.cfbundle; includeInIndex = 0; path = EnergyTeamBasedAppUITests.xctest; sourceTree = BUILT_PRODUCTS_DIR; };
		5BA787E02256795500D14415 /* EnergyTeamBasedAppUITests.swift */ = {isa = PBXFileReference; lastKnownFileType = sourcecode.swift; path = EnergyTeamBasedAppUITests.swift; sourceTree = "<group>"; };
		5BA787E22256795500D14415 /* Info.plist */ = {isa = PBXFileReference; lastKnownFileType = text.plist.xml; path = Info.plist; sourceTree = "<group>"; };
		5BA787EE22567FC000D14415 /* Tip.swift */ = {isa = PBXFileReference; lastKnownFileType = sourcecode.swift; path = Tip.swift; sourceTree = "<group>"; };
		5BA787F022567FC900D14415 /* Challenge.swift */ = {isa = PBXFileReference; lastKnownFileType = sourcecode.swift; path = Challenge.swift; sourceTree = "<group>"; };
		5BA787F32256820400D14415 /* EnergyType.swift */ = {isa = PBXFileReference; lastKnownFileType = sourcecode.swift; path = EnergyType.swift; sourceTree = "<group>"; };
/* End PBXFileReference section */

/* Begin PBXFrameworksBuildPhase section */
		5BA787B72256795400D14415 /* Frameworks */ = {
			isa = PBXFrameworksBuildPhase;
			buildActionMask = 2147483647;
			files = (
			);
			runOnlyForDeploymentPostprocessing = 0;
		};
		5BA787CE2256795500D14415 /* Frameworks */ = {
			isa = PBXFrameworksBuildPhase;
			buildActionMask = 2147483647;
			files = (
			);
			runOnlyForDeploymentPostprocessing = 0;
		};
		5BA787D92256795500D14415 /* Frameworks */ = {
			isa = PBXFrameworksBuildPhase;
			buildActionMask = 2147483647;
			files = (
			);
			runOnlyForDeploymentPostprocessing = 0;
		};
/* End PBXFrameworksBuildPhase section */

/* Begin PBXGroup section */
		5BA787B12256795400D14415 = {
			isa = PBXGroup;
			children = (
				5BA787BC2256795400D14415 /* EnergyTeamBasedApp */,
				5BA787D42256795500D14415 /* EnergyTeamBasedAppTests */,
				5BA787DF2256795500D14415 /* EnergyTeamBasedAppUITests */,
				5BA787BB2256795400D14415 /* Products */,
			);
			sourceTree = "<group>";
		};
		5BA787BB2256795400D14415 /* Products */ = {
			isa = PBXGroup;
			children = (
				5BA787BA2256795400D14415 /* EnergyTeamBasedApp.app */,
				5BA787D12256795500D14415 /* EnergyTeamBasedAppTests.xctest */,
				5BA787DC2256795500D14415 /* EnergyTeamBasedAppUITests.xctest */,
			);
			name = Products;
			sourceTree = "<group>";
		};
		5BA787BC2256795400D14415 /* EnergyTeamBasedApp */ = {
			isa = PBXGroup;
			children = (
				5BA787BD2256795400D14415 /* AppDelegate.swift */,
				5BA787BF2256795400D14415 /* ViewController.swift */,
				5BA787C12256795400D14415 /* Main.storyboard */,
				5BA787C72256795500D14415 /* Assets.xcassets */,
				5BA787C92256795500D14415 /* LaunchScreen.storyboard */,
				5BA787CC2256795500D14415 /* Info.plist */,
				5BA787C42256795400D14415 /* EnergyTeamBasedApp.xcdatamodeld */,
				5BA787F2225681F500D14415 /* Model */,
			);
			path = EnergyTeamBasedApp;
			sourceTree = "<group>";
		};
		5BA787D42256795500D14415 /* EnergyTeamBasedAppTests */ = {
			isa = PBXGroup;
			children = (
				5BA787D52256795500D14415 /* EnergyTeamBasedAppTests.swift */,
				5BA787D72256795500D14415 /* Info.plist */,
			);
			path = EnergyTeamBasedAppTests;
			sourceTree = "<group>";
		};
		5BA787DF2256795500D14415 /* EnergyTeamBasedAppUITests */ = {
			isa = PBXGroup;
			children = (
				5BA787E02256795500D14415 /* EnergyTeamBasedAppUITests.swift */,
				5BA787E22256795500D14415 /* Info.plist */,
			);
			path = EnergyTeamBasedAppUITests;
			sourceTree = "<group>";
		};
		5BA787F2225681F500D14415 /* Model */ = {
			isa = PBXGroup;
			children = (
				5BA787EE22567FC000D14415 /* Tip.swift */,
				5BA787F022567FC900D14415 /* Challenge.swift */,
				5BA787F32256820400D14415 /* EnergyType.swift */,
			);
			path = Model;
			sourceTree = "<group>";
		};
/* End PBXGroup section */

/* Begin PBXNativeTarget section */
		5BA787B92256795400D14415 /* EnergyTeamBasedApp */ = {
			isa = PBXNativeTarget;
			buildConfigurationList = 5BA787E52256795500D14415 /* Build configuration list for PBXNativeTarget "EnergyTeamBasedApp" */;
			buildPhases = (
				5BA787B62256795400D14415 /* Sources */,
				5BA787B72256795400D14415 /* Frameworks */,
				5BA787B82256795400D14415 /* Resources */,
			);
			buildRules = (
			);
			dependencies = (
			);
			name = EnergyTeamBasedApp;
			productName = EnergyTeamBasedApp;
			productReference = 5BA787BA2256795400D14415 /* EnergyTeamBasedApp.app */;
			productType = "com.apple.product-type.application";
		};
		5BA787D02256795500D14415 /* EnergyTeamBasedAppTests */ = {
			isa = PBXNativeTarget;
			buildConfigurationList = 5BA787E82256795500D14415 /* Build configuration list for PBXNativeTarget "EnergyTeamBasedAppTests" */;
			buildPhases = (
				5BA787CD2256795500D14415 /* Sources */,
				5BA787CE2256795500D14415 /* Frameworks */,
				5BA787CF2256795500D14415 /* Resources */,
			);
			buildRules = (
			);
			dependencies = (
				5BA787D32256795500D14415 /* PBXTargetDependency */,
			);
			name = EnergyTeamBasedAppTests;
			productName = EnergyTeamBasedAppTests;
			productReference = 5BA787D12256795500D14415 /* EnergyTeamBasedAppTests.xctest */;
			productType = "com.apple.product-type.bundle.unit-test";
		};
		5BA787DB2256795500D14415 /* EnergyTeamBasedAppUITests */ = {
			isa = PBXNativeTarget;
			buildConfigurationList = 5BA787EB2256795500D14415 /* Build configuration list for PBXNativeTarget "EnergyTeamBasedAppUITests" */;
			buildPhases = (
				5BA787D82256795500D14415 /* Sources */,
				5BA787D92256795500D14415 /* Frameworks */,
				5BA787DA2256795500D14415 /* Resources */,
			);
			buildRules = (
			);
			dependencies = (
				5BA787DE2256795500D14415 /* PBXTargetDependency */,
			);
			name = EnergyTeamBasedAppUITests;
			productName = EnergyTeamBasedAppUITests;
			productReference = 5BA787DC2256795500D14415 /* EnergyTeamBasedAppUITests.xctest */;
			productType = "com.apple.product-type.bundle.ui-testing";
		};
/* End PBXNativeTarget section */

/* Begin PBXProject section */
		5BA787B22256795400D14415 /* Project object */ = {
			isa = PBXProject;
			attributes = {
				LastSwiftUpdateCheck = 1020;
				LastUpgradeCheck = 1020;
				ORGANIZATIONNAME = "Brock Gibson";
				TargetAttributes = {
					5BA787B92256795400D14415 = {
						CreatedOnToolsVersion = 10.2;
					};
					5BA787D02256795500D14415 = {
						CreatedOnToolsVersion = 10.2;
						TestTargetID = 5BA787B92256795400D14415;
					};
					5BA787DB2256795500D14415 = {
						CreatedOnToolsVersion = 10.2;
						TestTargetID = 5BA787B92256795400D14415;
					};
				};
			};
			buildConfigurationList = 5BA787B52256795400D14415 /* Build configuration list for PBXProject "EnergyTeamBasedApp" */;
			compatibilityVersion = "Xcode 9.3";
			developmentRegion = en;
			hasScannedForEncodings = 0;
			knownRegions = (
				en,
				Base,
			);
			mainGroup = 5BA787B12256795400D14415;
			productRefGroup = 5BA787BB2256795400D14415 /* Products */;
			projectDirPath = "";
			projectRoot = "";
			targets = (
				5BA787B92256795400D14415 /* EnergyTeamBasedApp */,
				5BA787D02256795500D14415 /* EnergyTeamBasedAppTests */,
				5BA787DB2256795500D14415 /* EnergyTeamBasedAppUITests */,
			);
		};
/* End PBXProject section */

/* Begin PBXResourcesBuildPhase section */
		5BA787B82256795400D14415 /* Resources */ = {
			isa = PBXResourcesBuildPhase;
			buildActionMask = 2147483647;
			files = (
				5BA787CB2256795500D14415 /* LaunchScreen.storyboard in Resources */,
				5BA787C82256795500D14415 /* Assets.xcassets in Resources */,
				5BA787C32256795400D14415 /* Main.storyboard in Resources */,
			);
			runOnlyForDeploymentPostprocessing = 0;
		};
		5BA787CF2256795500D14415 /* Resources */ = {
			isa = PBXResourcesBuildPhase;
			buildActionMask = 2147483647;
			files = (
			);
			runOnlyForDeploymentPostprocessing = 0;
		};
		5BA787DA2256795500D14415 /* Resources */ = {
			isa = PBXResourcesBuildPhase;
			buildActionMask = 2147483647;
			files = (
			);
			runOnlyForDeploymentPostprocessing = 0;
		};
/* End PBXResourcesBuildPhase section */

/* Begin PBXSourcesBuildPhase section */
		5BA787B62256795400D14415 /* Sources */ = {
			isa = PBXSourcesBuildPhase;
			buildActionMask = 2147483647;
			files = (
				5BA787C62256795400D14415 /* EnergyTeamBasedApp.xcdatamodeld in Sources */,
				5BA787F42256820400D14415 /* EnergyType.swift in Sources */,
				5BA787EF22567FC000D14415 /* Tip.swift in Sources */,
				5BA787C02256795400D14415 /* ViewController.swift in Sources */,
				5BA787BE2256795400D14415 /* AppDelegate.swift in Sources */,
				5BA787F122567FC900D14415 /* Challenge.swift in Sources */,
			);
			runOnlyForDeploymentPostprocessing = 0;
		};
		5BA787CD2256795500D14415 /* Sources */ = {
			isa = PBXSourcesBuildPhase;
			buildActionMask = 2147483647;
			files = (
				5BA787D62256795500D14415 /* EnergyTeamBasedAppTests.swift in Sources */,
			);
			runOnlyForDeploymentPostprocessing = 0;
		};
		5BA787D82256795500D14415 /* Sources */ = {
			isa = PBXSourcesBuildPhase;
			buildActionMask = 2147483647;
			files = (
				5BA787E12256795500D14415 /* EnergyTeamBasedAppUITests.swift in Sources */,
			);
			runOnlyForDeploymentPostprocessing = 0;
		};
/* End PBXSourcesBuildPhase section */

/* Begin PBXTargetDependency section */
		5BA787D32256795500D14415 /* PBXTargetDependency */ = {
			isa = PBXTargetDependency;
			target = 5BA787B92256795400D14415 /* EnergyTeamBasedApp */;
			targetProxy = 5BA787D22256795500D14415 /* PBXContainerItemProxy */;
		};
		5BA787DE2256795500D14415 /* PBXTargetDependency */ = {
			isa = PBXTargetDependency;
			target = 5BA787B92256795400D14415 /* EnergyTeamBasedApp */;
			targetProxy = 5BA787DD2256795500D14415 /* PBXContainerItemProxy */;
		};
/* End PBXTargetDependency section */

/* Begin PBXVariantGroup section */
		5BA787C12256795400D14415 /* Main.storyboard */ = {
			isa = PBXVariantGroup;
			children = (
				5BA787C22256795400D14415 /* Base */,
			);
			name = Main.storyboard;
			sourceTree = "<group>";
		};
		5BA787C92256795500D14415 /* LaunchScreen.storyboard */ = {
			isa = PBXVariantGroup;
			children = (
				5BA787CA2256795500D14415 /* Base */,
			);
			name = LaunchScreen.storyboard;
			sourceTree = "<group>";
		};
/* End PBXVariantGroup section */

/* Begin XCBuildConfiguration section */
		5BA787E32256795500D14415 /* Debug */ = {
			isa = XCBuildConfiguration;
			buildSettings = {
				ALWAYS_SEARCH_USER_PATHS = NO;
				CLANG_ANALYZER_NONNULL = YES;
				CLANG_ANALYZER_NUMBER_OBJECT_CONVERSION = YES_AGGRESSIVE;
				CLANG_CXX_LANGUAGE_STANDARD = "gnu++14";
				CLANG_CXX_LIBRARY = "libc++";
				CLANG_ENABLE_MODULES = YES;
				CLANG_ENABLE_OBJC_ARC = YES;
				CLANG_ENABLE_OBJC_WEAK = YES;
				CLANG_WARN_BLOCK_CAPTURE_AUTORELEASING = YES;
				CLANG_WARN_BOOL_CONVERSION = YES;
				CLANG_WARN_COMMA = YES;
				CLANG_WARN_CONSTANT_CONVERSION = YES;
				CLANG_WARN_DEPRECATED_OBJC_IMPLEMENTATIONS = YES;
				CLANG_WARN_DIRECT_OBJC_ISA_USAGE = YES_ERROR;
				CLANG_WARN_DOCUMENTATION_COMMENTS = YES;
				CLANG_WARN_EMPTY_BODY = YES;
				CLANG_WARN_ENUM_CONVERSION = YES;
				CLANG_WARN_INFINITE_RECURSION = YES;
				CLANG_WARN_INT_CONVERSION = YES;
				CLANG_WARN_NON_LITERAL_NULL_CONVERSION = YES;
				CLANG_WARN_OBJC_IMPLICIT_RETAIN_SELF = YES;
				CLANG_WARN_OBJC_LITERAL_CONVERSION = YES;
				CLANG_WARN_OBJC_ROOT_CLASS = YES_ERROR;
				CLANG_WARN_RANGE_LOOP_ANALYSIS = YES;
				CLANG_WARN_STRICT_PROTOTYPES = YES;
				CLANG_WARN_SUSPICIOUS_MOVE = YES;
				CLANG_WARN_UNGUARDED_AVAILABILITY = YES_AGGRESSIVE;
				CLANG_WARN_UNREACHABLE_CODE = YES;
				CLANG_WARN__DUPLICATE_METHOD_MATCH = YES;
				CODE_SIGN_IDENTITY = "iPhone Developer";
				COPY_PHASE_STRIP = NO;
				DEBUG_INFORMATION_FORMAT = dwarf;
				ENABLE_STRICT_OBJC_MSGSEND = YES;
				ENABLE_TESTABILITY = YES;
				GCC_C_LANGUAGE_STANDARD = gnu11;
				GCC_DYNAMIC_NO_PIC = NO;
				GCC_NO_COMMON_BLOCKS = YES;
				GCC_OPTIMIZATION_LEVEL = 0;
				GCC_PREPROCESSOR_DEFINITIONS = (
					"DEBUG=1",
					"$(inherited)",
				);
				GCC_WARN_64_TO_32_BIT_CONVERSION = YES;
				GCC_WARN_ABOUT_RETURN_TYPE = YES_ERROR;
				GCC_WARN_UNDECLARED_SELECTOR = YES;
				GCC_WARN_UNINITIALIZED_AUTOS = YES_AGGRESSIVE;
				GCC_WARN_UNUSED_FUNCTION = YES;
				GCC_WARN_UNUSED_VARIABLE = YES;
				IPHONEOS_DEPLOYMENT_TARGET = 12.2;
				MTL_ENABLE_DEBUG_INFO = INCLUDE_SOURCE;
				MTL_FAST_MATH = YES;
				ONLY_ACTIVE_ARCH = YES;
				SDKROOT = iphoneos;
				SWIFT_ACTIVE_COMPILATION_CONDITIONS = DEBUG;
				SWIFT_OPTIMIZATION_LEVEL = "-Onone";
			};
			name = Debug;
		};
		5BA787E42256795500D14415 /* Release */ = {
			isa = XCBuildConfiguration;
			buildSettings = {
				ALWAYS_SEARCH_USER_PATHS = NO;
				CLANG_ANALYZER_NONNULL = YES;
				CLANG_ANALYZER_NUMBER_OBJECT_CONVERSION = YES_AGGRESSIVE;
				CLANG_CXX_LANGUAGE_STANDARD = "gnu++14";
				CLANG_CXX_LIBRARY = "libc++";
				CLANG_ENABLE_MODULES = YES;
				CLANG_ENABLE_OBJC_ARC = YES;
				CLANG_ENABLE_OBJC_WEAK = YES;
				CLANG_WARN_BLOCK_CAPTURE_AUTORELEASING = YES;
				CLANG_WARN_BOOL_CONVERSION = YES;
				CLANG_WARN_COMMA = YES;
				CLANG_WARN_CONSTANT_CONVERSION = YES;
				CLANG_WARN_DEPRECATED_OBJC_IMPLEMENTATIONS = YES;
				CLANG_WARN_DIRECT_OBJC_ISA_USAGE = YES_ERROR;
				CLANG_WARN_DOCUMENTATION_COMMENTS = YES;
				CLANG_WARN_EMPTY_BODY = YES;
				CLANG_WARN_ENUM_CONVERSION = YES;
				CLANG_WARN_INFINITE_RECURSION = YES;
				CLANG_WARN_INT_CONVERSION = YES;
				CLANG_WARN_NON_LITERAL_NULL_CONVERSION = YES;
				CLANG_WARN_OBJC_IMPLICIT_RETAIN_SELF = YES;
				CLANG_WARN_OBJC_LITERAL_CONVERSION = YES;
				CLANG_WARN_OBJC_ROOT_CLASS = YES_ERROR;
				CLANG_WARN_RANGE_LOOP_ANALYSIS = YES;
				CLANG_WARN_STRICT_PROTOTYPES = YES;
				CLANG_WARN_SUSPICIOUS_MOVE = YES;
				CLANG_WARN_UNGUARDED_AVAILABILITY = YES_AGGRESSIVE;
				CLANG_WARN_UNREACHABLE_CODE = YES;
				CLANG_WARN__DUPLICATE_METHOD_MATCH = YES;
				CODE_SIGN_IDENTITY = "iPhone Developer";
				COPY_PHASE_STRIP = NO;
				DEBUG_INFORMATION_FORMAT = "dwarf-with-dsym";
				ENABLE_NS_ASSERTIONS = NO;
				ENABLE_STRICT_OBJC_MSGSEND = YES;
				GCC_C_LANGUAGE_STANDARD = gnu11;
				GCC_NO_COMMON_BLOCKS = YES;
				GCC_WARN_64_TO_32_BIT_CONVERSION = YES;
				GCC_WARN_ABOUT_RETURN_TYPE = YES_ERROR;
				GCC_WARN_UNDECLARED_SELECTOR = YES;
				GCC_WARN_UNINITIALIZED_AUTOS = YES_AGGRESSIVE;
				GCC_WARN_UNUSED_FUNCTION = YES;
				GCC_WARN_UNUSED_VARIABLE = YES;
				IPHONEOS_DEPLOYMENT_TARGET = 12.2;
				MTL_ENABLE_DEBUG_INFO = NO;
				MTL_FAST_MATH = YES;
				SDKROOT = iphoneos;
				SWIFT_COMPILATION_MODE = wholemodule;
				SWIFT_OPTIMIZATION_LEVEL = "-O";
				VALIDATE_PRODUCT = YES;
			};
			name = Release;
		};
		5BA787E62256795500D14415 /* Debug */ = {
			isa = XCBuildConfiguration;
			buildSettings = {
				ASSETCATALOG_COMPILER_APPICON_NAME = AppIcon;
				CODE_SIGN_STYLE = Automatic;
				DEVELOPMENT_TEAM = 2BNNX2R43X;
				INFOPLIST_FILE = EnergyTeamBasedApp/Info.plist;
				LD_RUNPATH_SEARCH_PATHS = (
					"$(inherited)",
					"@executable_path/Frameworks",
				);
				PRODUCT_BUNDLE_IDENTIFIER = BrockGibson.EnergyTeamBasedApp;
				PRODUCT_NAME = "$(TARGET_NAME)";
				SWIFT_VERSION = 5.0;
				TARGETED_DEVICE_FAMILY = "1,2";
			};
			name = Debug;
		};
		5BA787E72256795500D14415 /* Release */ = {
			isa = XCBuildConfiguration;
			buildSettings = {
				ASSETCATALOG_COMPILER_APPICON_NAME = AppIcon;
				CODE_SIGN_STYLE = Automatic;
				DEVELOPMENT_TEAM = 2BNNX2R43X;
				INFOPLIST_FILE = EnergyTeamBasedApp/Info.plist;
				LD_RUNPATH_SEARCH_PATHS = (
					"$(inherited)",
					"@executable_path/Frameworks",
				);
				PRODUCT_BUNDLE_IDENTIFIER = BrockGibson.EnergyTeamBasedApp;
				PRODUCT_NAME = "$(TARGET_NAME)";
				SWIFT_VERSION = 5.0;
				TARGETED_DEVICE_FAMILY = "1,2";
			};
			name = Release;
		};
		5BA787E92256795500D14415 /* Debug */ = {
			isa = XCBuildConfiguration;
			buildSettings = {
				ALWAYS_EMBED_SWIFT_STANDARD_LIBRARIES = YES;
				BUNDLE_LOADER = "$(TEST_HOST)";
				CODE_SIGN_STYLE = Automatic;
				DEVELOPMENT_TEAM = 2BNNX2R43X;
				INFOPLIST_FILE = EnergyTeamBasedAppTests/Info.plist;
				LD_RUNPATH_SEARCH_PATHS = (
					"$(inherited)",
					"@executable_path/Frameworks",
					"@loader_path/Frameworks",
				);
				PRODUCT_BUNDLE_IDENTIFIER = BrockGibson.EnergyTeamBasedAppTests;
				PRODUCT_NAME = "$(TARGET_NAME)";
				SWIFT_VERSION = 5.0;
				TARGETED_DEVICE_FAMILY = "1,2";
				TEST_HOST = "$(BUILT_PRODUCTS_DIR)/EnergyTeamBasedApp.app/EnergyTeamBasedApp";
			};
			name = Debug;
		};
		5BA787EA2256795500D14415 /* Release */ = {
			isa = XCBuildConfiguration;
			buildSettings = {
				ALWAYS_EMBED_SWIFT_STANDARD_LIBRARIES = YES;
				BUNDLE_LOADER = "$(TEST_HOST)";
				CODE_SIGN_STYLE = Automatic;
				DEVELOPMENT_TEAM = 2BNNX2R43X;
				INFOPLIST_FILE = EnergyTeamBasedAppTests/Info.plist;
				LD_RUNPATH_SEARCH_PATHS = (
					"$(inherited)",
					"@executable_path/Frameworks",
					"@loader_path/Frameworks",
				);
				PRODUCT_BUNDLE_IDENTIFIER = BrockGibson.EnergyTeamBasedAppTests;
				PRODUCT_NAME = "$(TARGET_NAME)";
				SWIFT_VERSION = 5.0;
				TARGETED_DEVICE_FAMILY = "1,2";
				TEST_HOST = "$(BUILT_PRODUCTS_DIR)/EnergyTeamBasedApp.app/EnergyTeamBasedApp";
			};
			name = Release;
		};
		5BA787EC2256795500D14415 /* Debug */ = {
			isa = XCBuildConfiguration;
			buildSettings = {
				ALWAYS_EMBED_SWIFT_STANDARD_LIBRARIES = YES;
				CODE_SIGN_STYLE = Automatic;
				DEVELOPMENT_TEAM = 2BNNX2R43X;
				INFOPLIST_FILE = EnergyTeamBasedAppUITests/Info.plist;
				LD_RUNPATH_SEARCH_PATHS = (
					"$(inherited)",
					"@executable_path/Frameworks",
					"@loader_path/Frameworks",
				);
				PRODUCT_BUNDLE_IDENTIFIER = BrockGibson.EnergyTeamBasedAppUITests;
				PRODUCT_NAME = "$(TARGET_NAME)";
				SWIFT_VERSION = 5.0;
				TARGETED_DEVICE_FAMILY = "1,2";
				TEST_TARGET_NAME = EnergyTeamBasedApp;
			};
			name = Debug;
		};
		5BA787ED2256795500D14415 /* Release */ = {
			isa = XCBuildConfiguration;
			buildSettings = {
				ALWAYS_EMBED_SWIFT_STANDARD_LIBRARIES = YES;
				CODE_SIGN_STYLE = Automatic;
				DEVELOPMENT_TEAM = 2BNNX2R43X;
				INFOPLIST_FILE = EnergyTeamBasedAppUITests/Info.plist;
				LD_RUNPATH_SEARCH_PATHS = (
					"$(inherited)",
					"@executable_path/Frameworks",
					"@loader_path/Frameworks",
				);
				PRODUCT_BUNDLE_IDENTIFIER = BrockGibson.EnergyTeamBasedAppUITests;
				PRODUCT_NAME = "$(TARGET_NAME)";
				SWIFT_VERSION = 5.0;
				TARGETED_DEVICE_FAMILY = "1,2";
				TEST_TARGET_NAME = EnergyTeamBasedApp;
			};
			name = Release;
		};
/* End XCBuildConfiguration section */

/* Begin XCConfigurationList section */
		5BA787B52256795400D14415 /* Build configuration list for PBXProject "EnergyTeamBasedApp" */ = {
			isa = XCConfigurationList;
			buildConfigurations = (
				5BA787E32256795500D14415 /* Debug */,
				5BA787E42256795500D14415 /* Release */,
			);
			defaultConfigurationIsVisible = 0;
			defaultConfigurationName = Release;
		};
		5BA787E52256795500D14415 /* Build configuration list for PBXNativeTarget "EnergyTeamBasedApp" */ = {
			isa = XCConfigurationList;
			buildConfigurations = (
				5BA787E62256795500D14415 /* Debug */,
				5BA787E72256795500D14415 /* Release */,
			);
			defaultConfigurationIsVisible = 0;
			defaultConfigurationName = Release;
		};
		5BA787E82256795500D14415 /* Build configuration list for PBXNativeTarget "EnergyTeamBasedAppTests" */ = {
			isa = XCConfigurationList;
			buildConfigurations = (
				5BA787E92256795500D14415 /* Debug */,
				5BA787EA2256795500D14415 /* Release */,
			);
			defaultConfigurationIsVisible = 0;
			defaultConfigurationName = Release;
		};
		5BA787EB2256795500D14415 /* Build configuration list for PBXNativeTarget "EnergyTeamBasedAppUITests" */ = {
			isa = XCConfigurationList;
			buildConfigurations = (
				5BA787EC2256795500D14415 /* Debug */,
				5BA787ED2256795500D14415 /* Release */,
			);
			defaultConfigurationIsVisible = 0;
			defaultConfigurationName = Release;
		};
/* End XCConfigurationList section */

/* Begin XCVersionGroup section */
		5BA787C42256795400D14415 /* EnergyTeamBasedApp.xcdatamodeld */ = {
			isa = XCVersionGroup;
			children = (
				5BA787C52256795400D14415 /* EnergyTeamBasedApp.xcdatamodel */,
			);
			currentVersion = 5BA787C52256795400D14415 /* EnergyTeamBasedApp.xcdatamodel */;
			path = EnergyTeamBasedApp.xcdatamodeld;
			sourceTree = "<group>";
			versionGroupType = wrapper.xcdatamodel;
		};
/* End XCVersionGroup section */
	};
	rootObject = 5BA787B22256795400D14415 /* Project object */;
}
