// !$*UTF8*$!
{
	archiveVersion = 1;
	classes = {
	};
	objectVersion = 50;
	objects = {

/* Begin PBXBuildFile section */
		5B034B8522567A5E003447CC /* AppDelegate.swift in Sources */ = {isa = PBXBuildFile; fileRef = 5B034B8422567A5E003447CC /* AppDelegate.swift */; };
		5B034B8722567A5E003447CC /* ViewController.swift in Sources */ = {isa = PBXBuildFile; fileRef = 5B034B8622567A5E003447CC /* ViewController.swift */; };
		5B034B8A22567A5E003447CC /* Main.storyboard in Resources */ = {isa = PBXBuildFile; fileRef = 5B034B8822567A5E003447CC /* Main.storyboard */; };
		5B034B8C22567A5F003447CC /* Assets.xcassets in Resources */ = {isa = PBXBuildFile; fileRef = 5B034B8B22567A5F003447CC /* Assets.xcassets */; };
		5B034B8F22567A5F003447CC /* LaunchScreen.storyboard in Resources */ = {isa = PBXBuildFile; fileRef = 5B034B8D22567A5F003447CC /* LaunchScreen.storyboard */; };
		5B034B9A22567A5F003447CC /* SayWattTests.swift in Sources */ = {isa = PBXBuildFile; fileRef = 5B034B9922567A5F003447CC /* SayWattTests.swift */; };
		5B034BA522567A5F003447CC /* SayWattUITests.swift in Sources */ = {isa = PBXBuildFile; fileRef = 5B034BA422567A5F003447CC /* SayWattUITests.swift */; };
/* End PBXBuildFile section */

/* Begin PBXContainerItemProxy section */
		5B034B9622567A5F003447CC /* PBXContainerItemProxy */ = {
			isa = PBXContainerItemProxy;
			containerPortal = 5B034B7922567A5D003447CC /* Project object */;
			proxyType = 1;
			remoteGlobalIDString = 5B034B8022567A5E003447CC;
			remoteInfo = SayWatt;
		};
		5B034BA122567A5F003447CC /* PBXContainerItemProxy */ = {
			isa = PBXContainerItemProxy;
			containerPortal = 5B034B7922567A5D003447CC /* Project object */;
			proxyType = 1;
			remoteGlobalIDString = 5B034B8022567A5E003447CC;
			remoteInfo = SayWatt;
		};
/* End PBXContainerItemProxy section */

/* Begin PBXFileReference section */
		5B034B8122567A5E003447CC /* SayWatt.app */ = {isa = PBXFileReference; explicitFileType = wrapper.application; includeInIndex = 0; path = SayWatt.app; sourceTree = BUILT_PRODUCTS_DIR; };
		5B034B8422567A5E003447CC /* AppDelegate.swift */ = {isa = PBXFileReference; lastKnownFileType = sourcecode.swift; path = AppDelegate.swift; sourceTree = "<group>"; };
		5B034B8622567A5E003447CC /* ViewController.swift */ = {isa = PBXFileReference; lastKnownFileType = sourcecode.swift; path = ViewController.swift; sourceTree = "<group>"; };
		5B034B8922567A5E003447CC /* Base */ = {isa = PBXFileReference; lastKnownFileType = file.storyboard; name = Base; path = Base.lproj/Main.storyboard; sourceTree = "<group>"; };
		5B034B8B22567A5F003447CC /* Assets.xcassets */ = {isa = PBXFileReference; lastKnownFileType = folder.assetcatalog; path = Assets.xcassets; sourceTree = "<group>"; };
		5B034B8E22567A5F003447CC /* Base */ = {isa = PBXFileReference; lastKnownFileType = file.storyboard; name = Base; path = Base.lproj/LaunchScreen.storyboard; sourceTree = "<group>"; };
		5B034B9022567A5F003447CC /* Info.plist */ = {isa = PBXFileReference; lastKnownFileType = text.plist.xml; path = Info.plist; sourceTree = "<group>"; };
		5B034B9522567A5F003447CC /* SayWattTests.xctest */ = {isa = PBXFileReference; explicitFileType = wrapper.cfbundle; includeInIndex = 0; path = SayWattTests.xctest; sourceTree = BUILT_PRODUCTS_DIR; };
		5B034B9922567A5F003447CC /* SayWattTests.swift */ = {isa = PBXFileReference; lastKnownFileType = sourcecode.swift; path = SayWattTests.swift; sourceTree = "<group>"; };
		5B034B9B22567A5F003447CC /* Info.plist */ = {isa = PBXFileReference; lastKnownFileType = text.plist.xml; path = Info.plist; sourceTree = "<group>"; };
		5B034BA022567A5F003447CC /* SayWattUITests.xctest */ = {isa = PBXFileReference; explicitFileType = wrapper.cfbundle; includeInIndex = 0; path = SayWattUITests.xctest; sourceTree = BUILT_PRODUCTS_DIR; };
		5B034BA422567A5F003447CC /* SayWattUITests.swift */ = {isa = PBXFileReference; lastKnownFileType = sourcecode.swift; path = SayWattUITests.swift; sourceTree = "<group>"; };
		5B034BA622567A5F003447CC /* Info.plist */ = {isa = PBXFileReference; lastKnownFileType = text.plist.xml; path = Info.plist; sourceTree = "<group>"; };
/* End PBXFileReference section */

/* Begin PBXFrameworksBuildPhase section */
		5B034B7E22567A5E003447CC /* Frameworks */ = {
			isa = PBXFrameworksBuildPhase;
			buildActionMask = 2147483647;
			files = (
			);
			runOnlyForDeploymentPostprocessing = 0;
		};
		5B034B9222567A5F003447CC /* Frameworks */ = {
			isa = PBXFrameworksBuildPhase;
			buildActionMask = 2147483647;
			files = (
			);
			runOnlyForDeploymentPostprocessing = 0;
		};
		5B034B9D22567A5F003447CC /* Frameworks */ = {
			isa = PBXFrameworksBuildPhase;
			buildActionMask = 2147483647;
			files = (
			);
			runOnlyForDeploymentPostprocessing = 0;
		};
/* End PBXFrameworksBuildPhase section */

/* Begin PBXGroup section */
		5B034B7822567A5D003447CC = {
			isa = PBXGroup;
			children = (
				5B034B8322567A5E003447CC /* SayWatt */,
				5B034B9822567A5F003447CC /* SayWattTests */,
				5B034BA322567A5F003447CC /* SayWattUITests */,
				5B034B8222567A5E003447CC /* Products */,
			);
			sourceTree = "<group>";
		};
		5B034B8222567A5E003447CC /* Products */ = {
			isa = PBXGroup;
			children = (
				5B034B8122567A5E003447CC /* SayWatt.app */,
				5B034B9522567A5F003447CC /* SayWattTests.xctest */,
				5B034BA022567A5F003447CC /* SayWattUITests.xctest */,
			);
			name = Products;
			sourceTree = "<group>";
		};
		5B034B8322567A5E003447CC /* SayWatt */ = {
			isa = PBXGroup;
			children = (
				5B034B8422567A5E003447CC /* AppDelegate.swift */,
				5B034B8622567A5E003447CC /* ViewController.swift */,
				5B034B8822567A5E003447CC /* Main.storyboard */,
				5B034B8B22567A5F003447CC /* Assets.xcassets */,
				5B034B8D22567A5F003447CC /* LaunchScreen.storyboard */,
				5B034B9022567A5F003447CC /* Info.plist */,
			);
			path = SayWatt;
			sourceTree = "<group>";
		};
		5B034B9822567A5F003447CC /* SayWattTests */ = {
			isa = PBXGroup;
			children = (
				5B034B9922567A5F003447CC /* SayWattTests.swift */,
				5B034B9B22567A5F003447CC /* Info.plist */,
			);
			path = SayWattTests;
			sourceTree = "<group>";
		};
		5B034BA322567A5F003447CC /* SayWattUITests */ = {
			isa = PBXGroup;
			children = (
				5B034BA422567A5F003447CC /* SayWattUITests.swift */,
				5B034BA622567A5F003447CC /* Info.plist */,
			);
			path = SayWattUITests;
			sourceTree = "<group>";
		};
/* End PBXGroup section */

/* Begin PBXNativeTarget section */
		5B034B8022567A5E003447CC /* SayWatt */ = {
			isa = PBXNativeTarget;
			buildConfigurationList = 5B034BA922567A5F003447CC /* Build configuration list for PBXNativeTarget "SayWatt" */;
			buildPhases = (
				5B034B7D22567A5E003447CC /* Sources */,
				5B034B7E22567A5E003447CC /* Frameworks */,
				5B034B7F22567A5E003447CC /* Resources */,
			);
			buildRules = (
			);
			dependencies = (
			);
			name = SayWatt;
			productName = SayWatt;
			productReference = 5B034B8122567A5E003447CC /* SayWatt.app */;
			productType = "com.apple.product-type.application";
		};
		5B034B9422567A5F003447CC /* SayWattTests */ = {
			isa = PBXNativeTarget;
			buildConfigurationList = 5B034BAC22567A5F003447CC /* Build configuration list for PBXNativeTarget "SayWattTests" */;
			buildPhases = (
				5B034B9122567A5F003447CC /* Sources */,
				5B034B9222567A5F003447CC /* Frameworks */,
				5B034B9322567A5F003447CC /* Resources */,
			);
			buildRules = (
			);
			dependencies = (
				5B034B9722567A5F003447CC /* PBXTargetDependency */,
			);
			name = SayWattTests;
			productName = SayWattTests;
			productReference = 5B034B9522567A5F003447CC /* SayWattTests.xctest */;
			productType = "com.apple.product-type.bundle.unit-test";
		};
		5B034B9F22567A5F003447CC /* SayWattUITests */ = {
			isa = PBXNativeTarget;
			buildConfigurationList = 5B034BAF22567A5F003447CC /* Build configuration list for PBXNativeTarget "SayWattUITests" */;
			buildPhases = (
				5B034B9C22567A5F003447CC /* Sources */,
				5B034B9D22567A5F003447CC /* Frameworks */,
				5B034B9E22567A5F003447CC /* Resources */,
			);
			buildRules = (
			);
			dependencies = (
				5B034BA222567A5F003447CC /* PBXTargetDependency */,
			);
			name = SayWattUITests;
			productName = SayWattUITests;
			productReference = 5B034BA022567A5F003447CC /* SayWattUITests.xctest */;
			productType = "com.apple.product-type.bundle.ui-testing";
		};
/* End PBXNativeTarget section */

/* Begin PBXProject section */
		5B034B7922567A5D003447CC /* Project object */ = {
			isa = PBXProject;
			attributes = {
				LastSwiftUpdateCheck = 1010;
				LastUpgradeCheck = 1010;
				ORGANIZATIONNAME = "Josiah Callaway";
				TargetAttributes = {
					5B034B8022567A5E003447CC = {
						CreatedOnToolsVersion = 10.1;
					};
					5B034B9422567A5F003447CC = {
						CreatedOnToolsVersion = 10.1;
						TestTargetID = 5B034B8022567A5E003447CC;
					};
					5B034B9F22567A5F003447CC = {
						CreatedOnToolsVersion = 10.1;
						TestTargetID = 5B034B8022567A5E003447CC;
					};
				};
			};
			buildConfigurationList = 5B034B7C22567A5D003447CC /* Build configuration list for PBXProject "SayWatt" */;
			compatibilityVersion = "Xcode 9.3";
			developmentRegion = en;
			hasScannedForEncodings = 0;
			knownRegions = (
				en,
				Base,
			);
			mainGroup = 5B034B7822567A5D003447CC;
			productRefGroup = 5B034B8222567A5E003447CC /* Products */;
			projectDirPath = "";
			projectRoot = "";
			targets = (
				5B034B8022567A5E003447CC /* SayWatt */,
				5B034B9422567A5F003447CC /* SayWattTests */,
				5B034B9F22567A5F003447CC /* SayWattUITests */,
			);
		};
/* End PBXProject section */

/* Begin PBXResourcesBuildPhase section */
		5B034B7F22567A5E003447CC /* Resources */ = {
			isa = PBXResourcesBuildPhase;
			buildActionMask = 2147483647;
			files = (
				5B034B8F22567A5F003447CC /* LaunchScreen.storyboard in Resources */,
				5B034B8C22567A5F003447CC /* Assets.xcassets in Resources */,
				5B034B8A22567A5E003447CC /* Main.storyboard in Resources */,
			);
			runOnlyForDeploymentPostprocessing = 0;
		};
		5B034B9322567A5F003447CC /* Resources */ = {
			isa = PBXResourcesBuildPhase;
			buildActionMask = 2147483647;
			files = (
			);
			runOnlyForDeploymentPostprocessing = 0;
		};
		5B034B9E22567A5F003447CC /* Resources */ = {
			isa = PBXResourcesBuildPhase;
			buildActionMask = 2147483647;
			files = (
			);
			runOnlyForDeploymentPostprocessing = 0;
		};
/* End PBXResourcesBuildPhase section */

/* Begin PBXSourcesBuildPhase section */
		5B034B7D22567A5E003447CC /* Sources */ = {
			isa = PBXSourcesBuildPhase;
			buildActionMask = 2147483647;
			files = (
				5B034B8722567A5E003447CC /* ViewController.swift in Sources */,
				5B034B8522567A5E003447CC /* AppDelegate.swift in Sources */,
			);
			runOnlyForDeploymentPostprocessing = 0;
		};
		5B034B9122567A5F003447CC /* Sources */ = {
			isa = PBXSourcesBuildPhase;
			buildActionMask = 2147483647;
			files = (
				5B034B9A22567A5F003447CC /* SayWattTests.swift in Sources */,
			);
			runOnlyForDeploymentPostprocessing = 0;
		};
		5B034B9C22567A5F003447CC /* Sources */ = {
			isa = PBXSourcesBuildPhase;
			buildActionMask = 2147483647;
			files = (
				5B034BA522567A5F003447CC /* SayWattUITests.swift in Sources */,
			);
			runOnlyForDeploymentPostprocessing = 0;
		};
/* End PBXSourcesBuildPhase section */

/* Begin PBXTargetDependency section */
		5B034B9722567A5F003447CC /* PBXTargetDependency */ = {
			isa = PBXTargetDependency;
			target = 5B034B8022567A5E003447CC /* SayWatt */;
			targetProxy = 5B034B9622567A5F003447CC /* PBXContainerItemProxy */;
		};
		5B034BA222567A5F003447CC /* PBXTargetDependency */ = {
			isa = PBXTargetDependency;
			target = 5B034B8022567A5E003447CC /* SayWatt */;
			targetProxy = 5B034BA122567A5F003447CC /* PBXContainerItemProxy */;
		};
/* End PBXTargetDependency section */

/* Begin PBXVariantGroup section */
		5B034B8822567A5E003447CC /* Main.storyboard */ = {
			isa = PBXVariantGroup;
			children = (
				5B034B8922567A5E003447CC /* Base */,
			);
			name = Main.storyboard;
			sourceTree = "<group>";
		};
		5B034B8D22567A5F003447CC /* LaunchScreen.storyboard */ = {
			isa = PBXVariantGroup;
			children = (
				5B034B8E22567A5F003447CC /* Base */,
			);
			name = LaunchScreen.storyboard;
			sourceTree = "<group>";
		};
/* End PBXVariantGroup section */

/* Begin XCBuildConfiguration section */
		5B034BA722567A5F003447CC /* Debug */ = {
			isa = XCBuildConfiguration;
			buildSettings = {
				ALWAYS_SEARCH_USER_PATHS = NO;
				CLANG_ANALYZER_NONNULL = YES;
				CLANG_ANALYZER_NUMBER_OBJECT_CONVERSION = YES_AGGRESSIVE;
				CLANG_CXX_LANGUAGE_STANDARD = "gnu++14";
				CLANG_CXX_LIBRARY = "libc++";
				CLANG_ENABLE_MODULES = YES;
				CLANG_ENABLE_OBJC_ARC = YES;
				CLANG_ENABLE_OBJC_WEAK = YES;
				CLANG_WARN_BLOCK_CAPTURE_AUTORELEASING = YES;
				CLANG_WARN_BOOL_CONVERSION = YES;
				CLANG_WARN_COMMA = YES;
				CLANG_WARN_CONSTANT_CONVERSION = YES;
				CLANG_WARN_DEPRECATED_OBJC_IMPLEMENTATIONS = YES;
				CLANG_WARN_DIRECT_OBJC_ISA_USAGE = YES_ERROR;
				CLANG_WARN_DOCUMENTATION_COMMENTS = YES;
				CLANG_WARN_EMPTY_BODY = YES;
				CLANG_WARN_ENUM_CONVERSION = YES;
				CLANG_WARN_INFINITE_RECURSION = YES;
				CLANG_WARN_INT_CONVERSION = YES;
				CLANG_WARN_NON_LITERAL_NULL_CONVERSION = YES;
				CLANG_WARN_OBJC_IMPLICIT_RETAIN_SELF = YES;
				CLANG_WARN_OBJC_LITERAL_CONVERSION = YES;
				CLANG_WARN_OBJC_ROOT_CLASS = YES_ERROR;
				CLANG_WARN_RANGE_LOOP_ANALYSIS = YES;
				CLANG_WARN_STRICT_PROTOTYPES = YES;
				CLANG_WARN_SUSPICIOUS_MOVE = YES;
				CLANG_WARN_UNGUARDED_AVAILABILITY = YES_AGGRESSIVE;
				CLANG_WARN_UNREACHABLE_CODE = YES;
				CLANG_WARN__DUPLICATE_METHOD_MATCH = YES;
				CODE_SIGN_IDENTITY = "iPhone Developer";
				COPY_PHASE_STRIP = NO;
				DEBUG_INFORMATION_FORMAT = dwarf;
				ENABLE_STRICT_OBJC_MSGSEND = YES;
				ENABLE_TESTABILITY = YES;
				GCC_C_LANGUAGE_STANDARD = gnu11;
				GCC_DYNAMIC_NO_PIC = NO;
				GCC_NO_COMMON_BLOCKS = YES;
				GCC_OPTIMIZATION_LEVEL = 0;
				GCC_PREPROCESSOR_DEFINITIONS = (
					"DEBUG=1",
					"$(inherited)",
				);
				GCC_WARN_64_TO_32_BIT_CONVERSION = YES;
				GCC_WARN_ABOUT_RETURN_TYPE = YES_ERROR;
				GCC_WARN_UNDECLARED_SELECTOR = YES;
				GCC_WARN_UNINITIALIZED_AUTOS = YES_AGGRESSIVE;
				GCC_WARN_UNUSED_FUNCTION = YES;
				GCC_WARN_UNUSED_VARIABLE = YES;
				IPHONEOS_DEPLOYMENT_TARGET = 12.1;
				MTL_ENABLE_DEBUG_INFO = INCLUDE_SOURCE;
				MTL_FAST_MATH = YES;
				ONLY_ACTIVE_ARCH = YES;
				SDKROOT = iphoneos;
				SWIFT_ACTIVE_COMPILATION_CONDITIONS = DEBUG;
				SWIFT_OPTIMIZATION_LEVEL = "-Onone";
			};
			name = Debug;
		};
		5B034BA822567A5F003447CC /* Release */ = {
			isa = XCBuildConfiguration;
			buildSettings = {
				ALWAYS_SEARCH_USER_PATHS = NO;
				CLANG_ANALYZER_NONNULL = YES;
				CLANG_ANALYZER_NUMBER_OBJECT_CONVERSION = YES_AGGRESSIVE;
				CLANG_CXX_LANGUAGE_STANDARD = "gnu++14";
				CLANG_CXX_LIBRARY = "libc++";
				CLANG_ENABLE_MODULES = YES;
				CLANG_ENABLE_OBJC_ARC = YES;
				CLANG_ENABLE_OBJC_WEAK = YES;
				CLANG_WARN_BLOCK_CAPTURE_AUTORELEASING = YES;
				CLANG_WARN_BOOL_CONVERSION = YES;
				CLANG_WARN_COMMA = YES;
				CLANG_WARN_CONSTANT_CONVERSION = YES;
				CLANG_WARN_DEPRECATED_OBJC_IMPLEMENTATIONS = YES;
				CLANG_WARN_DIRECT_OBJC_ISA_USAGE = YES_ERROR;
				CLANG_WARN_DOCUMENTATION_COMMENTS = YES;
				CLANG_WARN_EMPTY_BODY = YES;
				CLANG_WARN_ENUM_CONVERSION = YES;
				CLANG_WARN_INFINITE_RECURSION = YES;
				CLANG_WARN_INT_CONVERSION = YES;
				CLANG_WARN_NON_LITERAL_NULL_CONVERSION = YES;
				CLANG_WARN_OBJC_IMPLICIT_RETAIN_SELF = YES;
				CLANG_WARN_OBJC_LITERAL_CONVERSION = YES;
				CLANG_WARN_OBJC_ROOT_CLASS = YES_ERROR;
				CLANG_WARN_RANGE_LOOP_ANALYSIS = YES;
				CLANG_WARN_STRICT_PROTOTYPES = YES;
				CLANG_WARN_SUSPICIOUS_MOVE = YES;
				CLANG_WARN_UNGUARDED_AVAILABILITY = YES_AGGRESSIVE;
				CLANG_WARN_UNREACHABLE_CODE = YES;
				CLANG_WARN__DUPLICATE_METHOD_MATCH = YES;
				CODE_SIGN_IDENTITY = "iPhone Developer";
				COPY_PHASE_STRIP = NO;
				DEBUG_INFORMATION_FORMAT = "dwarf-with-dsym";
				ENABLE_NS_ASSERTIONS = NO;
				ENABLE_STRICT_OBJC_MSGSEND = YES;
				GCC_C_LANGUAGE_STANDARD = gnu11;
				GCC_NO_COMMON_BLOCKS = YES;
				GCC_WARN_64_TO_32_BIT_CONVERSION = YES;
				GCC_WARN_ABOUT_RETURN_TYPE = YES_ERROR;
				GCC_WARN_UNDECLARED_SELECTOR = YES;
				GCC_WARN_UNINITIALIZED_AUTOS = YES_AGGRESSIVE;
				GCC_WARN_UNUSED_FUNCTION = YES;
				GCC_WARN_UNUSED_VARIABLE = YES;
				IPHONEOS_DEPLOYMENT_TARGET = 12.1;
				MTL_ENABLE_DEBUG_INFO = NO;
				MTL_FAST_MATH = YES;
				SDKROOT = iphoneos;
				SWIFT_COMPILATION_MODE = wholemodule;
				SWIFT_OPTIMIZATION_LEVEL = "-O";
				VALIDATE_PRODUCT = YES;
			};
			name = Release;
		};
		5B034BAA22567A5F003447CC /* Debug */ = {
			isa = XCBuildConfiguration;
			buildSettings = {
				ASSETCATALOG_COMPILER_APPICON_NAME = AppIcon;
				CODE_SIGN_STYLE = Automatic;
				INFOPLIST_FILE = SayWatt/Info.plist;
				LD_RUNPATH_SEARCH_PATHS = (
					"$(inherited)",
					"@executable_path/Frameworks",
				);
				PRODUCT_BUNDLE_IDENTIFIER = jocali.SayWatt;
				PRODUCT_NAME = "$(TARGET_NAME)";
				SWIFT_VERSION = 4.2;
				TARGETED_DEVICE_FAMILY = "1,2";
			};
			name = Debug;
		};
		5B034BAB22567A5F003447CC /* Release */ = {
			isa = XCBuildConfiguration;
			buildSettings = {
				ASSETCATALOG_COMPILER_APPICON_NAME = AppIcon;
				CODE_SIGN_STYLE = Automatic;
				INFOPLIST_FILE = SayWatt/Info.plist;
				LD_RUNPATH_SEARCH_PATHS = (
					"$(inherited)",
					"@executable_path/Frameworks",
				);
				PRODUCT_BUNDLE_IDENTIFIER = jocali.SayWatt;
				PRODUCT_NAME = "$(TARGET_NAME)";
				SWIFT_VERSION = 4.2;
				TARGETED_DEVICE_FAMILY = "1,2";
			};
			name = Release;
		};
		5B034BAD22567A5F003447CC /* Debug */ = {
			isa = XCBuildConfiguration;
			buildSettings = {
				ALWAYS_EMBED_SWIFT_STANDARD_LIBRARIES = YES;
				BUNDLE_LOADER = "$(TEST_HOST)";
				CODE_SIGN_STYLE = Automatic;
				INFOPLIST_FILE = SayWattTests/Info.plist;
				LD_RUNPATH_SEARCH_PATHS = (
					"$(inherited)",
					"@executable_path/Frameworks",
					"@loader_path/Frameworks",
				);
				PRODUCT_BUNDLE_IDENTIFIER = jocali.SayWattTests;
				PRODUCT_NAME = "$(TARGET_NAME)";
				SWIFT_VERSION = 4.2;
				TARGETED_DEVICE_FAMILY = "1,2";
				TEST_HOST = "$(BUILT_PRODUCTS_DIR)/SayWatt.app/SayWatt";
			};
			name = Debug;
		};
		5B034BAE22567A5F003447CC /* Release */ = {
			isa = XCBuildConfiguration;
			buildSettings = {
				ALWAYS_EMBED_SWIFT_STANDARD_LIBRARIES = YES;
				BUNDLE_LOADER = "$(TEST_HOST)";
				CODE_SIGN_STYLE = Automatic;
				INFOPLIST_FILE = SayWattTests/Info.plist;
				LD_RUNPATH_SEARCH_PATHS = (
					"$(inherited)",
					"@executable_path/Frameworks",
					"@loader_path/Frameworks",
				);
				PRODUCT_BUNDLE_IDENTIFIER = jocali.SayWattTests;
				PRODUCT_NAME = "$(TARGET_NAME)";
				SWIFT_VERSION = 4.2;
				TARGETED_DEVICE_FAMILY = "1,2";
				TEST_HOST = "$(BUILT_PRODUCTS_DIR)/SayWatt.app/SayWatt";
			};
			name = Release;
		};
		5B034BB022567A5F003447CC /* Debug */ = {
			isa = XCBuildConfiguration;
			buildSettings = {
				ALWAYS_EMBED_SWIFT_STANDARD_LIBRARIES = YES;
				CODE_SIGN_STYLE = Automatic;
				INFOPLIST_FILE = SayWattUITests/Info.plist;
				LD_RUNPATH_SEARCH_PATHS = (
					"$(inherited)",
					"@executable_path/Frameworks",
					"@loader_path/Frameworks",
				);
				PRODUCT_BUNDLE_IDENTIFIER = jocali.SayWattUITests;
				PRODUCT_NAME = "$(TARGET_NAME)";
				SWIFT_VERSION = 4.2;
				TARGETED_DEVICE_FAMILY = "1,2";
				TEST_TARGET_NAME = SayWatt;
			};
			name = Debug;
		};
		5B034BB122567A5F003447CC /* Release */ = {
			isa = XCBuildConfiguration;
			buildSettings = {
				ALWAYS_EMBED_SWIFT_STANDARD_LIBRARIES = YES;
				CODE_SIGN_STYLE = Automatic;
				INFOPLIST_FILE = SayWattUITests/Info.plist;
				LD_RUNPATH_SEARCH_PATHS = (
					"$(inherited)",
					"@executable_path/Frameworks",
					"@loader_path/Frameworks",
				);
				PRODUCT_BUNDLE_IDENTIFIER = jocali.SayWattUITests;
				PRODUCT_NAME = "$(TARGET_NAME)";
				SWIFT_VERSION = 4.2;
				TARGETED_DEVICE_FAMILY = "1,2";
				TEST_TARGET_NAME = SayWatt;
			};
			name = Release;
		};
/* End XCBuildConfiguration section */

/* Begin XCConfigurationList section */
		5B034B7C22567A5D003447CC /* Build configuration list for PBXProject "SayWatt" */ = {
			isa = XCConfigurationList;
			buildConfigurations = (
				5B034BA722567A5F003447CC /* Debug */,
				5B034BA822567A5F003447CC /* Release */,
			);
			defaultConfigurationIsVisible = 0;
			defaultConfigurationName = Release;
		};
		5B034BA922567A5F003447CC /* Build configuration list for PBXNativeTarget "SayWatt" */ = {
			isa = XCConfigurationList;
			buildConfigurations = (
				5B034BAA22567A5F003447CC /* Debug */,
				5B034BAB22567A5F003447CC /* Release */,
			);
			defaultConfigurationIsVisible = 0;
			defaultConfigurationName = Release;
		};
		5B034BAC22567A5F003447CC /* Build configuration list for PBXNativeTarget "SayWattTests" */ = {
			isa = XCConfigurationList;
			buildConfigurations = (
				5B034BAD22567A5F003447CC /* Debug */,
				5B034BAE22567A5F003447CC /* Release */,
			);
			defaultConfigurationIsVisible = 0;
			defaultConfigurationName = Release;
		};
		5B034BAF22567A5F003447CC /* Build configuration list for PBXNativeTarget "SayWattUITests" */ = {
			isa = XCConfigurationList;
			buildConfigurations = (
				5B034BB022567A5F003447CC /* Debug */,
				5B034BB122567A5F003447CC /* Release */,
			);
			defaultConfigurationIsVisible = 0;
			defaultConfigurationName = Release;
		};
/* End XCConfigurationList section */
	};
	rootObject = 5B034B7922567A5D003447CC /* Project object */;
}
